// !$*UTF8*$!
{
	archiveVersion = 1;
	classes = {
	};
	objectVersion = 46;
	objects = {

/* Begin PBXBuildFile section */
		CF8324941C4CE3CB00FBBD19 /* AppDelegate.swift in Sources */ = {isa = PBXBuildFile; fileRef = CF8324931C4CE3CB00FBBD19 /* AppDelegate.swift */; };
		CF8324961C4CE3CB00FBBD19 /* ViewController.swift in Sources */ = {isa = PBXBuildFile; fileRef = CF8324951C4CE3CB00FBBD19 /* ViewController.swift */; };
		CF8324991C4CE3CB00FBBD19 /* Main.storyboard in Resources */ = {isa = PBXBuildFile; fileRef = CF8324971C4CE3CB00FBBD19 /* Main.storyboard */; };
		CF83249B1C4CE3CB00FBBD19 /* Assets.xcassets in Resources */ = {isa = PBXBuildFile; fileRef = CF83249A1C4CE3CB00FBBD19 /* Assets.xcassets */; };
		CF83249E1C4CE3CB00FBBD19 /* LaunchScreen.storyboard in Resources */ = {isa = PBXBuildFile; fileRef = CF83249C1C4CE3CB00FBBD19 /* LaunchScreen.storyboard */; };
		CF8324A91C4CE3CB00FBBD19 /* KanKun_HackTests.swift in Sources */ = {isa = PBXBuildFile; fileRef = CF8324A81C4CE3CB00FBBD19 /* KanKun_HackTests.swift */; };
		CF8324B41C4CE3CC00FBBD19 /* KanKun_HackUITests.swift in Sources */ = {isa = PBXBuildFile; fileRef = CF8324B31C4CE3CC00FBBD19 /* KanKun_HackUITests.swift */; };
/* End PBXBuildFile section */

/* Begin PBXContainerItemProxy section */
		CF8324A51C4CE3CB00FBBD19 /* PBXContainerItemProxy */ = {
			isa = PBXContainerItemProxy;
			containerPortal = CF8324881C4CE3CB00FBBD19 /* Project object */;
			proxyType = 1;
			remoteGlobalIDString = CF83248F1C4CE3CB00FBBD19;
			remoteInfo = "KanKun Hack";
		};
		CF8324B01C4CE3CC00FBBD19 /* PBXContainerItemProxy */ = {
			isa = PBXContainerItemProxy;
			containerPortal = CF8324881C4CE3CB00FBBD19 /* Project object */;
			proxyType = 1;
			remoteGlobalIDString = CF83248F1C4CE3CB00FBBD19;
			remoteInfo = "KanKun Hack";
		};
/* End PBXContainerItemProxy section */

/* Begin PBXFileReference section */
		CF8324901C4CE3CB00FBBD19 /* KanKun Hack.app */ = {isa = PBXFileReference; explicitFileType = wrapper.application; includeInIndex = 0; path = "KanKun Hack.app"; sourceTree = BUILT_PRODUCTS_DIR; };
		CF8324931C4CE3CB00FBBD19 /* AppDelegate.swift */ = {isa = PBXFileReference; lastKnownFileType = sourcecode.swift; path = AppDelegate.swift; sourceTree = "<group>"; };
		CF8324951C4CE3CB00FBBD19 /* ViewController.swift */ = {isa = PBXFileReference; lastKnownFileType = sourcecode.swift; path = ViewController.swift; sourceTree = "<group>"; };
		CF8324981C4CE3CB00FBBD19 /* Base */ = {isa = PBXFileReference; lastKnownFileType = file.storyboard; name = Base; path = Base.lproj/Main.storyboard; sourceTree = "<group>"; };
		CF83249A1C4CE3CB00FBBD19 /* Assets.xcassets */ = {isa = PBXFileReference; lastKnownFileType = folder.assetcatalog; path = Assets.xcassets; sourceTree = "<group>"; };
		CF83249D1C4CE3CB00FBBD19 /* Base */ = {isa = PBXFileReference; lastKnownFileType = file.storyboard; name = Base; path = Base.lproj/LaunchScreen.storyboard; sourceTree = "<group>"; };
		CF83249F1C4CE3CB00FBBD19 /* Info.plist */ = {isa = PBXFileReference; lastKnownFileType = text.plist.xml; path = Info.plist; sourceTree = "<group>"; };
		CF8324A41C4CE3CB00FBBD19 /* KanKun HackTests.xctest */ = {isa = PBXFileReference; explicitFileType = wrapper.cfbundle; includeInIndex = 0; path = "KanKun HackTests.xctest"; sourceTree = BUILT_PRODUCTS_DIR; };
		CF8324A81C4CE3CB00FBBD19 /* KanKun_HackTests.swift */ = {isa = PBXFileReference; lastKnownFileType = sourcecode.swift; path = KanKun_HackTests.swift; sourceTree = "<group>"; };
		CF8324AA1C4CE3CB00FBBD19 /* Info.plist */ = {isa = PBXFileReference; lastKnownFileType = text.plist.xml; path = Info.plist; sourceTree = "<group>"; };
		CF8324AF1C4CE3CC00FBBD19 /* KanKun HackUITests.xctest */ = {isa = PBXFileReference; explicitFileType = wrapper.cfbundle; includeInIndex = 0; path = "KanKun HackUITests.xctest"; sourceTree = BUILT_PRODUCTS_DIR; };
		CF8324B31C4CE3CC00FBBD19 /* KanKun_HackUITests.swift */ = {isa = PBXFileReference; lastKnownFileType = sourcecode.swift; path = KanKun_HackUITests.swift; sourceTree = "<group>"; };
		CF8324B51C4CE3CC00FBBD19 /* Info.plist */ = {isa = PBXFileReference; lastKnownFileType = text.plist.xml; path = Info.plist; sourceTree = "<group>"; };
/* End PBXFileReference section */

/* Begin PBXFrameworksBuildPhase section */
		CF83248D1C4CE3CB00FBBD19 /* Frameworks */ = {
			isa = PBXFrameworksBuildPhase;
			buildActionMask = 2147483647;
			files = (
			);
			runOnlyForDeploymentPostprocessing = 0;
		};
		CF8324A11C4CE3CB00FBBD19 /* Frameworks */ = {
			isa = PBXFrameworksBuildPhase;
			buildActionMask = 2147483647;
			files = (
			);
			runOnlyForDeploymentPostprocessing = 0;
		};
		CF8324AC1C4CE3CC00FBBD19 /* Frameworks */ = {
			isa = PBXFrameworksBuildPhase;
			buildActionMask = 2147483647;
			files = (
			);
			runOnlyForDeploymentPostprocessing = 0;
		};
/* End PBXFrameworksBuildPhase section */

/* Begin PBXGroup section */
		CF8324871C4CE3CB00FBBD19 = {
			isa = PBXGroup;
			children = (
				CF8324921C4CE3CB00FBBD19 /* KanKun Hack */,
				CF8324A71C4CE3CB00FBBD19 /* KanKun HackTests */,
				CF8324B21C4CE3CC00FBBD19 /* KanKun HackUITests */,
				CF8324911C4CE3CB00FBBD19 /* Products */,
			);
			sourceTree = "<group>";
		};
		CF8324911C4CE3CB00FBBD19 /* Products */ = {
			isa = PBXGroup;
			children = (
				CF8324901C4CE3CB00FBBD19 /* KanKun Hack.app */,
				CF8324A41C4CE3CB00FBBD19 /* KanKun HackTests.xctest */,
				CF8324AF1C4CE3CC00FBBD19 /* KanKun HackUITests.xctest */,
			);
			name = Products;
			sourceTree = "<group>";
		};
		CF8324921C4CE3CB00FBBD19 /* KanKun Hack */ = {
			isa = PBXGroup;
			children = (
				CF8324931C4CE3CB00FBBD19 /* AppDelegate.swift */,
				CF8324951C4CE3CB00FBBD19 /* ViewController.swift */,
				CF8324971C4CE3CB00FBBD19 /* Main.storyboard */,
				CF83249A1C4CE3CB00FBBD19 /* Assets.xcassets */,
				CF83249C1C4CE3CB00FBBD19 /* LaunchScreen.storyboard */,
				CF83249F1C4CE3CB00FBBD19 /* Info.plist */,
			);
			path = "KanKun Hack";
			sourceTree = "<group>";
		};
		CF8324A71C4CE3CB00FBBD19 /* KanKun HackTests */ = {
			isa = PBXGroup;
			children = (
				CF8324A81C4CE3CB00FBBD19 /* KanKun_HackTests.swift */,
				CF8324AA1C4CE3CB00FBBD19 /* Info.plist */,
			);
			path = "KanKun HackTests";
			sourceTree = "<group>";
		};
		CF8324B21C4CE3CC00FBBD19 /* KanKun HackUITests */ = {
			isa = PBXGroup;
			children = (
				CF8324B31C4CE3CC00FBBD19 /* KanKun_HackUITests.swift */,
				CF8324B51C4CE3CC00FBBD19 /* Info.plist */,
			);
			path = "KanKun HackUITests";
			sourceTree = "<group>";
		};
/* End PBXGroup section */

/* Begin PBXNativeTarget section */
		CF83248F1C4CE3CB00FBBD19 /* KanKun Hack */ = {
			isa = PBXNativeTarget;
			buildConfigurationList = CF8324B81C4CE3CC00FBBD19 /* Build configuration list for PBXNativeTarget "KanKun Hack" */;
			buildPhases = (
				CF83248C1C4CE3CB00FBBD19 /* Sources */,
				CF83248D1C4CE3CB00FBBD19 /* Frameworks */,
				CF83248E1C4CE3CB00FBBD19 /* Resources */,
			);
			buildRules = (
			);
			dependencies = (
			);
			name = "KanKun Hack";
			productName = "KanKun Hack";
			productReference = CF8324901C4CE3CB00FBBD19 /* KanKun Hack.app */;
			productType = "com.apple.product-type.application";
		};
		CF8324A31C4CE3CB00FBBD19 /* KanKun HackTests */ = {
			isa = PBXNativeTarget;
			buildConfigurationList = CF8324BB1C4CE3CC00FBBD19 /* Build configuration list for PBXNativeTarget "KanKun HackTests" */;
			buildPhases = (
				CF8324A01C4CE3CB00FBBD19 /* Sources */,
				CF8324A11C4CE3CB00FBBD19 /* Frameworks */,
				CF8324A21C4CE3CB00FBBD19 /* Resources */,
			);
			buildRules = (
			);
			dependencies = (
				CF8324A61C4CE3CB00FBBD19 /* PBXTargetDependency */,
			);
			name = "KanKun HackTests";
			productName = "KanKun HackTests";
			productReference = CF8324A41C4CE3CB00FBBD19 /* KanKun HackTests.xctest */;
			productType = "com.apple.product-type.bundle.unit-test";
		};
		CF8324AE1C4CE3CC00FBBD19 /* KanKun HackUITests */ = {
			isa = PBXNativeTarget;
			buildConfigurationList = CF8324BE1C4CE3CC00FBBD19 /* Build configuration list for PBXNativeTarget "KanKun HackUITests" */;
			buildPhases = (
				CF8324AB1C4CE3CC00FBBD19 /* Sources */,
				CF8324AC1C4CE3CC00FBBD19 /* Frameworks */,
				CF8324AD1C4CE3CC00FBBD19 /* Resources */,
			);
			buildRules = (
			);
			dependencies = (
				CF8324B11C4CE3CC00FBBD19 /* PBXTargetDependency */,
			);
			name = "KanKun HackUITests";
			productName = "KanKun HackUITests";
			productReference = CF8324AF1C4CE3CC00FBBD19 /* KanKun HackUITests.xctest */;
			productType = "com.apple.product-type.bundle.ui-testing";
		};
/* End PBXNativeTarget section */

/* Begin PBXProject section */
		CF8324881C4CE3CB00FBBD19 /* Project object */ = {
			isa = PBXProject;
			attributes = {
				LastSwiftUpdateCheck = 0720;
				LastUpgradeCheck = 0720;
				ORGANIZATIONNAME = "Joe Christopher Paul Amanse";
				TargetAttributes = {
					CF83248F1C4CE3CB00FBBD19 = {
						CreatedOnToolsVersion = 7.2;
					};
					CF8324A31C4CE3CB00FBBD19 = {
						CreatedOnToolsVersion = 7.2;
						TestTargetID = CF83248F1C4CE3CB00FBBD19;
					};
					CF8324AE1C4CE3CC00FBBD19 = {
						CreatedOnToolsVersion = 7.2;
						TestTargetID = CF83248F1C4CE3CB00FBBD19;
					};
				};
			};
			buildConfigurationList = CF83248B1C4CE3CB00FBBD19 /* Build configuration list for PBXProject "KanKun Hack" */;
			compatibilityVersion = "Xcode 3.2";
			developmentRegion = English;
			hasScannedForEncodings = 0;
			knownRegions = (
				en,
				Base,
			);
			mainGroup = CF8324871C4CE3CB00FBBD19;
			productRefGroup = CF8324911C4CE3CB00FBBD19 /* Products */;
			projectDirPath = "";
			projectRoot = "";
			targets = (
				CF83248F1C4CE3CB00FBBD19 /* KanKun Hack */,
				CF8324A31C4CE3CB00FBBD19 /* KanKun HackTests */,
				CF8324AE1C4CE3CC00FBBD19 /* KanKun HackUITests */,
			);
		};
/* End PBXProject section */

/* Begin PBXResourcesBuildPhase section */
		CF83248E1C4CE3CB00FBBD19 /* Resources */ = {
			isa = PBXResourcesBuildPhase;
			buildActionMask = 2147483647;
			files = (
				CF83249E1C4CE3CB00FBBD19 /* LaunchScreen.storyboard in Resources */,
				CF83249B1C4CE3CB00FBBD19 /* Assets.xcassets in Resources */,
				CF8324991C4CE3CB00FBBD19 /* Main.storyboard in Resources */,
			);
			runOnlyForDeploymentPostprocessing = 0;
		};
		CF8324A21C4CE3CB00FBBD19 /* Resources */ = {
			isa = PBXResourcesBuildPhase;
			buildActionMask = 2147483647;
			files = (
			);
			runOnlyForDeploymentPostprocessing = 0;
		};
		CF8324AD1C4CE3CC00FBBD19 /* Resources */ = {
			isa = PBXResourcesBuildPhase;
			buildActionMask = 2147483647;
			files = (
			);
			runOnlyForDeploymentPostprocessing = 0;
		};
/* End PBXResourcesBuildPhase section */

/* Begin PBXSourcesBuildPhase section */
		CF83248C1C4CE3CB00FBBD19 /* Sources */ = {
			isa = PBXSourcesBuildPhase;
			buildActionMask = 2147483647;
			files = (
				CF8324961C4CE3CB00FBBD19 /* ViewController.swift in Sources */,
				CF8324941C4CE3CB00FBBD19 /* AppDelegate.swift in Sources */,
			);
			runOnlyForDeploymentPostprocessing = 0;
		};
		CF8324A01C4CE3CB00FBBD19 /* Sources */ = {
			isa = PBXSourcesBuildPhase;
			buildActionMask = 2147483647;
			files = (
				CF8324A91C4CE3CB00FBBD19 /* KanKun_HackTests.swift in Sources */,
			);
			runOnlyForDeploymentPostprocessing = 0;
		};
		CF8324AB1C4CE3CC00FBBD19 /* Sources */ = {
			isa = PBXSourcesBuildPhase;
			buildActionMask = 2147483647;
			files = (
				CF8324B41C4CE3CC00FBBD19 /* KanKun_HackUITests.swift in Sources */,
			);
			runOnlyForDeploymentPostprocessing = 0;
		};
/* End PBXSourcesBuildPhase section */

/* Begin PBXTargetDependency section */
		CF8324A61C4CE3CB00FBBD19 /* PBXTargetDependency */ = {
			isa = PBXTargetDependency;
			target = CF83248F1C4CE3CB00FBBD19 /* KanKun Hack */;
			targetProxy = CF8324A51C4CE3CB00FBBD19 /* PBXContainerItemProxy */;
		};
		CF8324B11C4CE3CC00FBBD19 /* PBXTargetDependency */ = {
			isa = PBXTargetDependency;
			target = CF83248F1C4CE3CB00FBBD19 /* KanKun Hack */;
			targetProxy = CF8324B01C4CE3CC00FBBD19 /* PBXContainerItemProxy */;
		};
/* End PBXTargetDependency section */

/* Begin PBXVariantGroup section */
		CF8324971C4CE3CB00FBBD19 /* Main.storyboard */ = {
			isa = PBXVariantGroup;
			children = (
				CF8324981C4CE3CB00FBBD19 /* Base */,
			);
			name = Main.storyboard;
			sourceTree = "<group>";
		};
		CF83249C1C4CE3CB00FBBD19 /* LaunchScreen.storyboard */ = {
			isa = PBXVariantGroup;
			children = (
				CF83249D1C4CE3CB00FBBD19 /* Base */,
			);
			name = LaunchScreen.storyboard;
			sourceTree = "<group>";
		};
/* End PBXVariantGroup section */

/* Begin XCBuildConfiguration section */
		CF8324B61C4CE3CC00FBBD19 /* Debug */ = {
			isa = XCBuildConfiguration;
			buildSettings = {
				ALWAYS_SEARCH_USER_PATHS = NO;
				CLANG_CXX_LANGUAGE_STANDARD = "gnu++0x";
				CLANG_CXX_LIBRARY = "libc++";
				CLANG_ENABLE_MODULES = YES;
				CLANG_ENABLE_OBJC_ARC = YES;
				CLANG_WARN_BOOL_CONVERSION = YES;
				CLANG_WARN_CONSTANT_CONVERSION = YES;
				CLANG_WARN_DIRECT_OBJC_ISA_USAGE = YES_ERROR;
				CLANG_WARN_EMPTY_BODY = YES;
				CLANG_WARN_ENUM_CONVERSION = YES;
				CLANG_WARN_INT_CONVERSION = YES;
				CLANG_WARN_OBJC_ROOT_CLASS = YES_ERROR;
				CLANG_WARN_UNREACHABLE_CODE = YES;
				CLANG_WARN__DUPLICATE_METHOD_MATCH = YES;
				"CODE_SIGN_IDENTITY[sdk=iphoneos*]" = "iPhone Developer";
				COPY_PHASE_STRIP = NO;
				DEBUG_INFORMATION_FORMAT = dwarf;
				ENABLE_STRICT_OBJC_MSGSEND = YES;
				ENABLE_TESTABILITY = YES;
				GCC_C_LANGUAGE_STANDARD = gnu99;
				GCC_DYNAMIC_NO_PIC = NO;
				GCC_NO_COMMON_BLOCKS = YES;
				GCC_OPTIMIZATION_LEVEL = 0;
				GCC_PREPROCESSOR_DEFINITIONS = (
					"DEBUG=1",
					"$(inherited)",
				);
				GCC_WARN_64_TO_32_BIT_CONVERSION = YES;
				GCC_WARN_ABOUT_RETURN_TYPE = YES_ERROR;
				GCC_WARN_UNDECLARED_SELECTOR = YES;
				GCC_WARN_UNINITIALIZED_AUTOS = YES_AGGRESSIVE;
				GCC_WARN_UNUSED_FUNCTION = YES;
				GCC_WARN_UNUSED_VARIABLE = YES;
				IPHONEOS_DEPLOYMENT_TARGET = 9.2;
				MTL_ENABLE_DEBUG_INFO = YES;
				ONLY_ACTIVE_ARCH = YES;
				SDKROOT = iphoneos;
				SWIFT_OPTIMIZATION_LEVEL = "-Onone";
				TARGETED_DEVICE_FAMILY = "1,2";
			};
			name = Debug;
		};
		CF8324B71C4CE3CC00FBBD19 /* Release */ = {
			isa = XCBuildConfiguration;
			buildSettings = {
				ALWAYS_SEARCH_USER_PATHS = NO;
				CLANG_CXX_LANGUAGE_STANDARD = "gnu++0x";
				CLANG_CXX_LIBRARY = "libc++";
				CLANG_ENABLE_MODULES = YES;
				CLANG_ENABLE_OBJC_ARC = YES;
				CLANG_WARN_BOOL_CONVERSION = YES;
				CLANG_WARN_CONSTANT_CONVERSION = YES;
				CLANG_WARN_DIRECT_OBJC_ISA_USAGE = YES_ERROR;
				CLANG_WARN_EMPTY_BODY = YES;
				CLANG_WARN_ENUM_CONVERSION = YES;
				CLANG_WARN_INT_CONVERSION = YES;
				CLANG_WARN_OBJC_ROOT_CLASS = YES_ERROR;
				CLANG_WARN_UNREACHABLE_CODE = YES;
				CLANG_WARN__DUPLICATE_METHOD_MATCH = YES;
				"CODE_SIGN_IDENTITY[sdk=iphoneos*]" = "iPhone Developer";
				COPY_PHASE_STRIP = NO;
				DEBUG_INFORMATION_FORMAT = "dwarf-with-dsym";
				ENABLE_NS_ASSERTIONS = NO;
				ENABLE_STRICT_OBJC_MSGSEND = YES;
				GCC_C_LANGUAGE_STANDARD = gnu99;
				GCC_NO_COMMON_BLOCKS = YES;
				GCC_WARN_64_TO_32_BIT_CONVERSION = YES;
				GCC_WARN_ABOUT_RETURN_TYPE = YES_ERROR;
				GCC_WARN_UNDECLARED_SELECTOR = YES;
				GCC_WARN_UNINITIALIZED_AUTOS = YES_AGGRESSIVE;
				GCC_WARN_UNUSED_FUNCTION = YES;
				GCC_WARN_UNUSED_VARIABLE = YES;
				IPHONEOS_DEPLOYMENT_TARGET = 9.2;
				MTL_ENABLE_DEBUG_INFO = NO;
				SDKROOT = iphoneos;
				TARGETED_DEVICE_FAMILY = "1,2";
				VALIDATE_PRODUCT = YES;
			};
			name = Release;
		};
		CF8324B91C4CE3CC00FBBD19 /* Debug */ = {
			isa = XCBuildConfiguration;
			buildSettings = {
				ASSETCATALOG_COMPILER_APPICON_NAME = AppIcon;
				INFOPLIST_FILE = "KanKun Hack/Info.plist";
				IPHONEOS_DEPLOYMENT_TARGET = 8.0;
				LD_RUNPATH_SEARCH_PATHS = "$(inherited) @executable_path/Frameworks";
				PRODUCT_BUNDLE_IDENTIFIER = "com.chrisamanse.KanKun-Hack";
				PRODUCT_NAME = "$(TARGET_NAME)";
			};
			name = Debug;
		};
		CF8324BA1C4CE3CC00FBBD19 /* Release */ = {
			isa = XCBuildConfiguration;
			buildSettings = {
				ASSETCATALOG_COMPILER_APPICON_NAME = AppIcon;
				INFOPLIST_FILE = "KanKun Hack/Info.plist";
				IPHONEOS_DEPLOYMENT_TARGET = 8.0;
				LD_RUNPATH_SEARCH_PATHS = "$(inherited) @executable_path/Frameworks";
				PRODUCT_BUNDLE_IDENTIFIER = "com.chrisamanse.KanKun-Hack";
				PRODUCT_NAME = "$(TARGET_NAME)";
			};
			name = Release;
		};
		CF8324BC1C4CE3CC00FBBD19 /* Debug */ = {
			isa = XCBuildConfiguration;
			buildSettings = {
				BUNDLE_LOADER = "$(TEST_HOST)";
				INFOPLIST_FILE = "KanKun HackTests/Info.plist";
				LD_RUNPATH_SEARCH_PATHS = "$(inherited) @executable_path/Frameworks @loader_path/Frameworks";
				PRODUCT_BUNDLE_IDENTIFIER = "com.chrisamanse.KanKun-HackTests";
				PRODUCT_NAME = "$(TARGET_NAME)";
				TEST_HOST = "$(BUILT_PRODUCTS_DIR)/KanKun Hack.app/KanKun Hack";
			};
			name = Debug;
		};
		CF8324BD1C4CE3CC00FBBD19 /* Release */ = {
			isa = XCBuildConfiguration;
			buildSettings = {
				BUNDLE_LOADER = "$(TEST_HOST)";
				INFOPLIST_FILE = "KanKun HackTests/Info.plist";
				LD_RUNPATH_SEARCH_PATHS = "$(inherited) @executable_path/Frameworks @loader_path/Frameworks";
				PRODUCT_BUNDLE_IDENTIFIER = "com.chrisamanse.KanKun-HackTests";
				PRODUCT_NAME = "$(TARGET_NAME)";
				TEST_HOST = "$(BUILT_PRODUCTS_DIR)/KanKun Hack.app/KanKun Hack";
			};
			name = Release;
		};
		CF8324BF1C4CE3CC00FBBD19 /* Debug */ = {
			isa = XCBuildConfiguration;
			buildSettings = {
				INFOPLIST_FILE = "KanKun HackUITests/Info.plist";
				LD_RUNPATH_SEARCH_PATHS = "$(inherited) @executable_path/Frameworks @loader_path/Frameworks";
				PRODUCT_BUNDLE_IDENTIFIER = "com.chrisamanse.KanKun-HackUITests";
				PRODUCT_NAME = "$(TARGET_NAME)";
				TEST_TARGET_NAME = "KanKun Hack";
				USES_XCTRUNNER = YES;
			};
			name = Debug;
		};
		CF8324C01C4CE3CC00FBBD19 /* Release */ = {
			isa = XCBuildConfiguration;
			buildSettings = {
				INFOPLIST_FILE = "KanKun HackUITests/Info.plist";
				LD_RUNPATH_SEARCH_PATHS = "$(inherited) @executable_path/Frameworks @loader_path/Frameworks";
				PRODUCT_BUNDLE_IDENTIFIER = "com.chrisamanse.KanKun-HackUITests";
				PRODUCT_NAME = "$(TARGET_NAME)";
				TEST_TARGET_NAME = "KanKun Hack";
				USES_XCTRUNNER = YES;
			};
			name = Release;
		};
/* End XCBuildConfiguration section */

/* Begin XCConfigurationList section */
		CF83248B1C4CE3CB00FBBD19 /* Build configuration list for PBXProject "KanKun Hack" */ = {
			isa = XCConfigurationList;
			buildConfigurations = (
				CF8324B61C4CE3CC00FBBD19 /* Debug */,
				CF8324B71C4CE3CC00FBBD19 /* Release */,
			);
			defaultConfigurationIsVisible = 0;
			defaultConfigurationName = Release;
		};
		CF8324B81C4CE3CC00FBBD19 /* Build configuration list for PBXNativeTarget "KanKun Hack" */ = {
			isa = XCConfigurationList;
			buildConfigurations = (
				CF8324B91C4CE3CC00FBBD19 /* Debug */,
				CF8324BA1C4CE3CC00FBBD19 /* Release */,
			);
			defaultConfigurationIsVisible = 0;
		};
		CF8324BB1C4CE3CC00FBBD19 /* Build configuration list for PBXNativeTarget "KanKun HackTests" */ = {
			isa = XCConfigurationList;
			buildConfigurations = (
				CF8324BC1C4CE3CC00FBBD19 /* Debug */,
				CF8324BD1C4CE3CC00FBBD19 /* Release */,
			);
			defaultConfigurationIsVisible = 0;
		};
		CF8324BE1C4CE3CC00FBBD19 /* Build configuration list for PBXNativeTarget "KanKun HackUITests" */ = {
			isa = XCConfigurationList;
			buildConfigurations = (
				CF8324BF1C4CE3CC00FBBD19 /* Debug */,
				CF8324C01C4CE3CC00FBBD19 /* Release */,
			);
			defaultConfigurationIsVisible = 0;
		};
/* End XCConfigurationList section */
	};
	rootObject = CF8324881C4CE3CB00FBBD19 /* Project object */;
}
